{
  "name": "nd-court-brief-downloader",
  "version": "2.0.0",
  "lockfileVersion": 3,
  "requires": true,
  "packages": {
    "": {
      "name": "nd-court-brief-downloader",
      "version": "2.0.0",
      "bin": {
        "ctrack-fetch": "ctrack-fetch.js"
      },
      "engines": {
        "node": ">=18"
      }
    }
  }
}
